// !$*UTF8*$!
{
	archiveVersion = 1;
	classes = {
	};
	objectVersion = 50;
	objects = {

/* Begin PBXBuildFile section */
		1BE77F76240C54EB0077B8D3 /* AppDelegate.swift in Sources */ = {isa = PBXBuildFile; fileRef = 1BE77F75240C54EB0077B8D3 /* AppDelegate.swift */; };
		1BE77F78240C54EB0077B8D3 /* SceneDelegate.swift in Sources */ = {isa = PBXBuildFile; fileRef = 1BE77F77240C54EB0077B8D3 /* SceneDelegate.swift */; };
		1BE77F7D240C54EB0077B8D3 /* Main.storyboard in Resources */ = {isa = PBXBuildFile; fileRef = 1BE77F7B240C54EB0077B8D3 /* Main.storyboard */; };
		1BE77F7F240C54F00077B8D3 /* Assets.xcassets in Resources */ = {isa = PBXBuildFile; fileRef = 1BE77F7E240C54F00077B8D3 /* Assets.xcassets */; };
		1BE77F82240C54F00077B8D3 /* LaunchScreen.storyboard in Resources */ = {isa = PBXBuildFile; fileRef = 1BE77F80240C54F00077B8D3 /* LaunchScreen.storyboard */; };
		1BE77F90240C5B690077B8D3 /* ListingsTableViewController.swift in Sources */ = {isa = PBXBuildFile; fileRef = 1BE77F8F240C5B690077B8D3 /* ListingsTableViewController.swift */; };
		1BE77FB4240D6ED30077B8D3 /* WheelRVTests.swift in Sources */ = {isa = PBXBuildFile; fileRef = 1BE77FB3240D6ED30077B8D3 /* WheelRVTests.swift */; };
		1BE77FC2240D6EE10077B8D3 /* WheelRVUITests.swift in Sources */ = {isa = PBXBuildFile; fileRef = 1BE77FC1240D6EE10077B8D3 /* WheelRVUITests.swift */; };
		1BE77FCA240ED3B70077B8D3 /* CoreDataStack.swift in Sources */ = {isa = PBXBuildFile; fileRef = 1BE77FC9240ED3B70077B8D3 /* CoreDataStack.swift */; };
		1BE77FCD240ED3EC0077B8D3 /* Listings.xcdatamodeld in Sources */ = {isa = PBXBuildFile; fileRef = 1BE77FCB240ED3EC0077B8D3 /* Listings.xcdatamodeld */; };
		1BE77FCF240ED50C0077B8D3 /* ListingController.swift in Sources */ = {isa = PBXBuildFile; fileRef = 1BE77FCE240ED50C0077B8D3 /* ListingController.swift */; };
		1BE77FD1240ED6CB0077B8D3 /* ListingRepresentation.swift in Sources */ = {isa = PBXBuildFile; fileRef = 1BE77FD0240ED6CB0077B8D3 /* ListingRepresentation.swift */; };
		1BE77FD3240EDC890077B8D3 /* Listing+Convenience.swift in Sources */ = {isa = PBXBuildFile; fileRef = 1BE77FD2240EDC890077B8D3 /* Listing+Convenience.swift */; };
		1BE77FD5240F10210077B8D3 /* DetailViewController.swift in Sources */ = {isa = PBXBuildFile; fileRef = 1BE77FD4240F10210077B8D3 /* DetailViewController.swift */; };
		1BE77FD72410472C0077B8D3 /* LoginViewController.swift in Sources */ = {isa = PBXBuildFile; fileRef = 1BE77FD62410472C0077B8D3 /* LoginViewController.swift */; };
		1BE77FD9241051FF0077B8D3 /* RVOwnerListingsTableViewController.swift in Sources */ = {isa = PBXBuildFile; fileRef = 1BE77FD8241051FF0077B8D3 /* RVOwnerListingsTableViewController.swift */; };
		1BE77FDB241061AE0077B8D3 /* RVOwnerDetailViewController.swift in Sources */ = {isa = PBXBuildFile; fileRef = 1BE77FDA241061AE0077B8D3 /* RVOwnerDetailViewController.swift */; };
		1BE77FDD241061CE0077B8D3 /* SearchResultsTableViewController.swift in Sources */ = {isa = PBXBuildFile; fileRef = 1BE77FDC241061CE0077B8D3 /* SearchResultsTableViewController.swift */; };
		1BE77FDF2410987D0077B8D3 /* Reservation.swift in Sources */ = {isa = PBXBuildFile; fileRef = 1BE77FDE2410987D0077B8D3 /* Reservation.swift */; };
		1BE77FE124109E3C0077B8D3 /* UserController.swift in Sources */ = {isa = PBXBuildFile; fileRef = 1BE77FE024109E3C0077B8D3 /* UserController.swift */; };
		1BE77FE32411F4000077B8D3 /* ReservationController.swift in Sources */ = {isa = PBXBuildFile; fileRef = 1BE77FE22411F4000077B8D3 /* ReservationController.swift */; };
/* End PBXBuildFile section */

/* Begin PBXContainerItemProxy section */
		1BE77FB6240D6ED30077B8D3 /* PBXContainerItemProxy */ = {
			isa = PBXContainerItemProxy;
			containerPortal = 1BE77F6A240C54EB0077B8D3 /* Project object */;
			proxyType = 1;
			remoteGlobalIDString = 1BE77F71240C54EB0077B8D3;
			remoteInfo = 5thWheelRV;
		};
		1BE77FC4240D6EE10077B8D3 /* PBXContainerItemProxy */ = {
			isa = PBXContainerItemProxy;
			containerPortal = 1BE77F6A240C54EB0077B8D3 /* Project object */;
			proxyType = 1;
			remoteGlobalIDString = 1BE77F71240C54EB0077B8D3;
			remoteInfo = 5thWheelRV;
		};
/* End PBXContainerItemProxy section */

/* Begin PBXFileReference section */
		1BE77F72240C54EB0077B8D3 /* 5thWheelRV.app */ = {isa = PBXFileReference; explicitFileType = wrapper.application; includeInIndex = 0; path = 5thWheelRV.app; sourceTree = BUILT_PRODUCTS_DIR; };
		1BE77F75240C54EB0077B8D3 /* AppDelegate.swift */ = {isa = PBXFileReference; lastKnownFileType = sourcecode.swift; path = AppDelegate.swift; sourceTree = "<group>"; };
		1BE77F77240C54EB0077B8D3 /* SceneDelegate.swift */ = {isa = PBXFileReference; lastKnownFileType = sourcecode.swift; path = SceneDelegate.swift; sourceTree = "<group>"; };
		1BE77F7C240C54EB0077B8D3 /* Base */ = {isa = PBXFileReference; lastKnownFileType = file.storyboard; name = Base; path = Base.lproj/Main.storyboard; sourceTree = "<group>"; };
		1BE77F7E240C54F00077B8D3 /* Assets.xcassets */ = {isa = PBXFileReference; lastKnownFileType = folder.assetcatalog; path = Assets.xcassets; sourceTree = "<group>"; };
		1BE77F81240C54F00077B8D3 /* Base */ = {isa = PBXFileReference; lastKnownFileType = file.storyboard; name = Base; path = Base.lproj/LaunchScreen.storyboard; sourceTree = "<group>"; };
		1BE77F83240C54F00077B8D3 /* Info.plist */ = {isa = PBXFileReference; lastKnownFileType = text.plist.xml; path = Info.plist; sourceTree = "<group>"; };
		1BE77F8F240C5B690077B8D3 /* ListingsTableViewController.swift */ = {isa = PBXFileReference; lastKnownFileType = sourcecode.swift; path = ListingsTableViewController.swift; sourceTree = "<group>"; };
		1BE77FB1240D6ED30077B8D3 /* WheelRVTests.xctest */ = {isa = PBXFileReference; explicitFileType = wrapper.cfbundle; includeInIndex = 0; path = WheelRVTests.xctest; sourceTree = BUILT_PRODUCTS_DIR; };
		1BE77FB3240D6ED30077B8D3 /* WheelRVTests.swift */ = {isa = PBXFileReference; lastKnownFileType = sourcecode.swift; path = WheelRVTests.swift; sourceTree = "<group>"; };
		1BE77FB5240D6ED30077B8D3 /* Info.plist */ = {isa = PBXFileReference; lastKnownFileType = text.plist.xml; path = Info.plist; sourceTree = "<group>"; };
		1BE77FBF240D6EE10077B8D3 /* WheelRVUITests.xctest */ = {isa = PBXFileReference; explicitFileType = wrapper.cfbundle; includeInIndex = 0; path = WheelRVUITests.xctest; sourceTree = BUILT_PRODUCTS_DIR; };
		1BE77FC1240D6EE10077B8D3 /* WheelRVUITests.swift */ = {isa = PBXFileReference; lastKnownFileType = sourcecode.swift; path = WheelRVUITests.swift; sourceTree = "<group>"; };
		1BE77FC3240D6EE10077B8D3 /* Info.plist */ = {isa = PBXFileReference; lastKnownFileType = text.plist.xml; path = Info.plist; sourceTree = "<group>"; };
		1BE77FC9240ED3B70077B8D3 /* CoreDataStack.swift */ = {isa = PBXFileReference; lastKnownFileType = sourcecode.swift; path = CoreDataStack.swift; sourceTree = "<group>"; };
		1BE77FCC240ED3EC0077B8D3 /* Listings.xcdatamodel */ = {isa = PBXFileReference; lastKnownFileType = wrapper.xcdatamodel; path = Listings.xcdatamodel; sourceTree = "<group>"; };
		1BE77FCE240ED50C0077B8D3 /* ListingController.swift */ = {isa = PBXFileReference; lastKnownFileType = sourcecode.swift; path = ListingController.swift; sourceTree = "<group>"; };
		1BE77FD0240ED6CB0077B8D3 /* ListingRepresentation.swift */ = {isa = PBXFileReference; lastKnownFileType = sourcecode.swift; path = ListingRepresentation.swift; sourceTree = "<group>"; };
		1BE77FD2240EDC890077B8D3 /* Listing+Convenience.swift */ = {isa = PBXFileReference; lastKnownFileType = sourcecode.swift; path = "Listing+Convenience.swift"; sourceTree = "<group>"; };
		1BE77FD4240F10210077B8D3 /* DetailViewController.swift */ = {isa = PBXFileReference; lastKnownFileType = sourcecode.swift; path = DetailViewController.swift; sourceTree = "<group>"; };
		1BE77FD62410472C0077B8D3 /* LoginViewController.swift */ = {isa = PBXFileReference; lastKnownFileType = sourcecode.swift; path = LoginViewController.swift; sourceTree = "<group>"; };
		1BE77FD8241051FF0077B8D3 /* RVOwnerListingsTableViewController.swift */ = {isa = PBXFileReference; lastKnownFileType = sourcecode.swift; path = RVOwnerListingsTableViewController.swift; sourceTree = "<group>"; };
		1BE77FDA241061AE0077B8D3 /* RVOwnerDetailViewController.swift */ = {isa = PBXFileReference; lastKnownFileType = sourcecode.swift; path = RVOwnerDetailViewController.swift; sourceTree = "<group>"; };
		1BE77FDC241061CE0077B8D3 /* SearchResultsTableViewController.swift */ = {isa = PBXFileReference; lastKnownFileType = sourcecode.swift; path = SearchResultsTableViewController.swift; sourceTree = "<group>"; };
		1BE77FDE2410987D0077B8D3 /* Reservation.swift */ = {isa = PBXFileReference; lastKnownFileType = sourcecode.swift; path = Reservation.swift; sourceTree = "<group>"; };
		1BE77FE024109E3C0077B8D3 /* UserController.swift */ = {isa = PBXFileReference; lastKnownFileType = sourcecode.swift; path = UserController.swift; sourceTree = "<group>"; };
		1BE77FE22411F4000077B8D3 /* ReservationController.swift */ = {isa = PBXFileReference; lastKnownFileType = sourcecode.swift; path = ReservationController.swift; sourceTree = "<group>"; };
		351FE45F9330037E7AB361DF /* Pods-5thWheelRV.release.xcconfig */ = {isa = PBXFileReference; includeInIndex = 1; lastKnownFileType = text.xcconfig; name = "Pods-5thWheelRV.release.xcconfig"; path = "Target Support Files/Pods-5thWheelRV/Pods-5thWheelRV.release.xcconfig"; sourceTree = "<group>"; };
		6A30E04C464BE7ED6CBCCB24 /* Pods_5thWheelRV.framework */ = {isa = PBXFileReference; explicitFileType = wrapper.framework; includeInIndex = 0; path = Pods_5thWheelRV.framework; sourceTree = BUILT_PRODUCTS_DIR; };
		CA10721B09424D8DB1E8B4DE /* Pods-5thWheelRV.debug.xcconfig */ = {isa = PBXFileReference; includeInIndex = 1; lastKnownFileType = text.xcconfig; name = "Pods-5thWheelRV.debug.xcconfig"; path = "Target Support Files/Pods-5thWheelRV/Pods-5thWheelRV.debug.xcconfig"; sourceTree = "<group>"; };
/* End PBXFileReference section */

/* Begin PBXFrameworksBuildPhase section */
		1BE77F6F240C54EB0077B8D3 /* Frameworks */ = {
			isa = PBXFrameworksBuildPhase;
			buildActionMask = 2147483647;
			files = (
			);
			runOnlyForDeploymentPostprocessing = 0;
		};
		1BE77FAE240D6ED30077B8D3 /* Frameworks */ = {
			isa = PBXFrameworksBuildPhase;
			buildActionMask = 2147483647;
			files = (
			);
			runOnlyForDeploymentPostprocessing = 0;
		};
		1BE77FBC240D6EE10077B8D3 /* Frameworks */ = {
			isa = PBXFrameworksBuildPhase;
			buildActionMask = 2147483647;
			files = (
			);
			runOnlyForDeploymentPostprocessing = 0;
		};
/* End PBXFrameworksBuildPhase section */

/* Begin PBXGroup section */
		1BE77F69240C54EB0077B8D3 = {
			isa = PBXGroup;
			children = (
				1BE77F74240C54EB0077B8D3 /* 5thWheelRV */,
				1BE77FB2240D6ED30077B8D3 /* WheelRVTests */,
				1BE77FC0240D6EE10077B8D3 /* WheelRVUITests */,
				1BE77F73240C54EB0077B8D3 /* Products */,
				8D383C278B239CAED47E73B7 /* Pods */,
				EA9ACC9560EDBE1FAF28D9A2 /* Frameworks */,
			);
			sourceTree = "<group>";
		};
		1BE77F73240C54EB0077B8D3 /* Products */ = {
			isa = PBXGroup;
			children = (
				1BE77F72240C54EB0077B8D3 /* 5thWheelRV.app */,
				1BE77FB1240D6ED30077B8D3 /* WheelRVTests.xctest */,
				1BE77FBF240D6EE10077B8D3 /* WheelRVUITests.xctest */,
			);
			name = Products;
			sourceTree = "<group>";
		};
		1BE77F74240C54EB0077B8D3 /* 5thWheelRV */ = {
			isa = PBXGroup;
			children = (
				1BE77F8E240C57600077B8D3 /* View Controllers */,
				1BE77F8D240C57570077B8D3 /* Model Controllers */,
				1BE77F8C240C574F0077B8D3 /* Models */,
				1BE77F8B240C57390077B8D3 /* Views */,
				1BE77F8A240C570F0077B8D3 /* Resources */,
			);
			path = 5thWheelRV;
			sourceTree = "<group>";
		};
		1BE77F8A240C570F0077B8D3 /* Resources */ = {
			isa = PBXGroup;
			children = (
				1BE77F75240C54EB0077B8D3 /* AppDelegate.swift */,
				1BE77F77240C54EB0077B8D3 /* SceneDelegate.swift */,
				1BE77F83240C54F00077B8D3 /* Info.plist */,
				1BE77F7E240C54F00077B8D3 /* Assets.xcassets */,
			);
			name = Resources;
			sourceTree = "<group>";
		};
		1BE77F8B240C57390077B8D3 /* Views */ = {
			isa = PBXGroup;
			children = (
				1BE77F7B240C54EB0077B8D3 /* Main.storyboard */,
				1BE77F80240C54F00077B8D3 /* LaunchScreen.storyboard */,
			);
			path = Views;
			sourceTree = "<group>";
		};
		1BE77F8C240C574F0077B8D3 /* Models */ = {
			isa = PBXGroup;
			children = (
				1BE77FC9240ED3B70077B8D3 /* CoreDataStack.swift */,
				1BE77FCB240ED3EC0077B8D3 /* Listings.xcdatamodeld */,
				1BE77FD0240ED6CB0077B8D3 /* ListingRepresentation.swift */,
				1BE77FD2240EDC890077B8D3 /* Listing+Convenience.swift */,
				1BE77FDE2410987D0077B8D3 /* Reservation.swift */,
			);
			name = Models;
			sourceTree = "<group>";
		};
		1BE77F8D240C57570077B8D3 /* Model Controllers */ = {
			isa = PBXGroup;
			children = (
				1BE77FCE240ED50C0077B8D3 /* ListingController.swift */,
				1BE77FE024109E3C0077B8D3 /* UserController.swift */,
				1BE77FE22411F4000077B8D3 /* ReservationController.swift */,
			);
			path = "Model Controllers";
			sourceTree = "<group>";
		};
		1BE77F8E240C57600077B8D3 /* View Controllers */ = {
			isa = PBXGroup;
			children = (
				1BE77FD62410472C0077B8D3 /* LoginViewController.swift */,
				1BE77F8F240C5B690077B8D3 /* ListingsTableViewController.swift */,
				1BE77FD4240F10210077B8D3 /* DetailViewController.swift */,
				1BE77FD8241051FF0077B8D3 /* RVOwnerListingsTableViewController.swift */,
				1BE77FDA241061AE0077B8D3 /* RVOwnerDetailViewController.swift */,
				1BE77FDC241061CE0077B8D3 /* SearchResultsTableViewController.swift */,
			);
			name = "View Controllers";
			sourceTree = "<group>";
		};
		1BE77FB2240D6ED30077B8D3 /* WheelRVTests */ = {
			isa = PBXGroup;
			children = (
				1BE77FB3240D6ED30077B8D3 /* WheelRVTests.swift */,
				1BE77FB5240D6ED30077B8D3 /* Info.plist */,
			);
			path = WheelRVTests;
			sourceTree = "<group>";
		};
		1BE77FC0240D6EE10077B8D3 /* WheelRVUITests */ = {
			isa = PBXGroup;
			children = (
				1BE77FC1240D6EE10077B8D3 /* WheelRVUITests.swift */,
				1BE77FC3240D6EE10077B8D3 /* Info.plist */,
			);
			path = WheelRVUITests;
			sourceTree = "<group>";
		};
		8D383C278B239CAED47E73B7 /* Pods */ = {
			isa = PBXGroup;
			children = (
				CA10721B09424D8DB1E8B4DE /* Pods-5thWheelRV.debug.xcconfig */,
				351FE45F9330037E7AB361DF /* Pods-5thWheelRV.release.xcconfig */,
			);
			path = Pods;
			sourceTree = "<group>";
		};
		EA9ACC9560EDBE1FAF28D9A2 /* Frameworks */ = {
			isa = PBXGroup;
			children = (
				6A30E04C464BE7ED6CBCCB24 /* Pods_5thWheelRV.framework */,
			);
			name = Frameworks;
			sourceTree = "<group>";
		};
/* End PBXGroup section */

/* Begin PBXNativeTarget section */
		1BE77F71240C54EB0077B8D3 /* 5thWheelRV */ = {
			isa = PBXNativeTarget;
			buildConfigurationList = 1BE77F86240C54F00077B8D3 /* Build configuration list for PBXNativeTarget "5thWheelRV" */;
			buildPhases = (
				F5CA2E616999A758FBD0BD16 /* [CP] Check Pods Manifest.lock */,
				1BE77F6E240C54EB0077B8D3 /* Sources */,
				1BE77F6F240C54EB0077B8D3 /* Frameworks */,
				1BE77F70240C54EB0077B8D3 /* Resources */,
				1BE77F89240C56090077B8D3 /* ShellScript */,
			);
			buildRules = (
			);
			dependencies = (
			);
			name = 5thWheelRV;
			productName = 5thWheelRV;
			productReference = 1BE77F72240C54EB0077B8D3 /* 5thWheelRV.app */;
			productType = "com.apple.product-type.application";
		};
		1BE77FB0240D6ED30077B8D3 /* WheelRVTests */ = {
			isa = PBXNativeTarget;
			buildConfigurationList = 1BE77FB8240D6ED30077B8D3 /* Build configuration list for PBXNativeTarget "WheelRVTests" */;
			buildPhases = (
				1BE77FAD240D6ED30077B8D3 /* Sources */,
				1BE77FAE240D6ED30077B8D3 /* Frameworks */,
				1BE77FAF240D6ED30077B8D3 /* Resources */,
			);
			buildRules = (
			);
			dependencies = (
				1BE77FB7240D6ED30077B8D3 /* PBXTargetDependency */,
			);
			name = WheelRVTests;
			productName = WheelRVTests;
			productReference = 1BE77FB1240D6ED30077B8D3 /* WheelRVTests.xctest */;
			productType = "com.apple.product-type.bundle.unit-test";
		};
		1BE77FBE240D6EE10077B8D3 /* WheelRVUITests */ = {
			isa = PBXNativeTarget;
			buildConfigurationList = 1BE77FC6240D6EE10077B8D3 /* Build configuration list for PBXNativeTarget "WheelRVUITests" */;
			buildPhases = (
				1BE77FBB240D6EE10077B8D3 /* Sources */,
				1BE77FBC240D6EE10077B8D3 /* Frameworks */,
				1BE77FBD240D6EE10077B8D3 /* Resources */,
			);
			buildRules = (
			);
			dependencies = (
				1BE77FC5240D6EE10077B8D3 /* PBXTargetDependency */,
			);
			name = WheelRVUITests;
			productName = WheelRVUITests;
			productReference = 1BE77FBF240D6EE10077B8D3 /* WheelRVUITests.xctest */;
			productType = "com.apple.product-type.bundle.ui-testing";
		};
/* End PBXNativeTarget section */

/* Begin PBXProject section */
		1BE77F6A240C54EB0077B8D3 /* Project object */ = {
			isa = PBXProject;
			attributes = {
				LastSwiftUpdateCheck = 1130;
				LastUpgradeCheck = 1130;
				ORGANIZATIONNAME = "Jorge Alvarez";
				TargetAttributes = {
					1BE77F71240C54EB0077B8D3 = {
						CreatedOnToolsVersion = 11.3.1;
					};
					1BE77FB0240D6ED30077B8D3 = {
						CreatedOnToolsVersion = 11.3.1;
						TestTargetID = 1BE77F71240C54EB0077B8D3;
					};
					1BE77FBE240D6EE10077B8D3 = {
						CreatedOnToolsVersion = 11.3.1;
						TestTargetID = 1BE77F71240C54EB0077B8D3;
					};
				};
			};
			buildConfigurationList = 1BE77F6D240C54EB0077B8D3 /* Build configuration list for PBXProject "5thWheelRV" */;
			compatibilityVersion = "Xcode 9.3";
			developmentRegion = en;
			hasScannedForEncodings = 0;
			knownRegions = (
				en,
				Base,
			);
			mainGroup = 1BE77F69240C54EB0077B8D3;
			productRefGroup = 1BE77F73240C54EB0077B8D3 /* Products */;
			projectDirPath = "";
			projectRoot = "";
			targets = (
				1BE77F71240C54EB0077B8D3 /* 5thWheelRV */,
				1BE77FB0240D6ED30077B8D3 /* WheelRVTests */,
				1BE77FBE240D6EE10077B8D3 /* WheelRVUITests */,
			);
		};
/* End PBXProject section */

/* Begin PBXResourcesBuildPhase section */
		1BE77F70240C54EB0077B8D3 /* Resources */ = {
			isa = PBXResourcesBuildPhase;
			buildActionMask = 2147483647;
			files = (
				1BE77F82240C54F00077B8D3 /* LaunchScreen.storyboard in Resources */,
				1BE77F7F240C54F00077B8D3 /* Assets.xcassets in Resources */,
				1BE77F7D240C54EB0077B8D3 /* Main.storyboard in Resources */,
			);
			runOnlyForDeploymentPostprocessing = 0;
		};
		1BE77FAF240D6ED30077B8D3 /* Resources */ = {
			isa = PBXResourcesBuildPhase;
			buildActionMask = 2147483647;
			files = (
			);
			runOnlyForDeploymentPostprocessing = 0;
		};
		1BE77FBD240D6EE10077B8D3 /* Resources */ = {
			isa = PBXResourcesBuildPhase;
			buildActionMask = 2147483647;
			files = (
			);
			runOnlyForDeploymentPostprocessing = 0;
		};
/* End PBXResourcesBuildPhase section */

/* Begin PBXShellScriptBuildPhase section */
		1BE77F89240C56090077B8D3 /* ShellScript */ = {
			isa = PBXShellScriptBuildPhase;
			buildActionMask = 2147483647;
			files = (
			);
			inputFileListPaths = (
			);
			inputPaths = (
			);
			outputFileListPaths = (
			);
			outputPaths = (
			);
			runOnlyForDeploymentPostprocessing = 0;
			shellPath = /bin/sh;
			shellScript = "if which swiftlint >/dev/null; then\n  swiftlint\nelse\n  echo \"warning: SwiftLint not installed, download from https://github.com/realm/SwiftLint\"\nfi\n";
		};
		F5CA2E616999A758FBD0BD16 /* [CP] Check Pods Manifest.lock */ = {
			isa = PBXShellScriptBuildPhase;
			buildActionMask = 2147483647;
			files = (
			);
			inputFileListPaths = (
			);
			inputPaths = (
				"${PODS_PODFILE_DIR_PATH}/Podfile.lock",
				"${PODS_ROOT}/Manifest.lock",
			);
			name = "[CP] Check Pods Manifest.lock";
			outputFileListPaths = (
			);
			outputPaths = (
				"$(DERIVED_FILE_DIR)/Pods-5thWheelRV-checkManifestLockResult.txt",
			);
			runOnlyForDeploymentPostprocessing = 0;
			shellPath = /bin/sh;
			shellScript = "diff \"${PODS_PODFILE_DIR_PATH}/Podfile.lock\" \"${PODS_ROOT}/Manifest.lock\" > /dev/null\nif [ $? != 0 ] ; then\n    # print error to STDERR\n    echo \"error: The sandbox is not in sync with the Podfile.lock. Run 'pod install' or update your CocoaPods installation.\" >&2\n    exit 1\nfi\n# This output is used by Xcode 'outputs' to avoid re-running this script phase.\necho \"SUCCESS\" > \"${SCRIPT_OUTPUT_FILE_0}\"\n";
			showEnvVarsInLog = 0;
		};
/* End PBXShellScriptBuildPhase section */

/* Begin PBXSourcesBuildPhase section */
		1BE77F6E240C54EB0077B8D3 /* Sources */ = {
			isa = PBXSourcesBuildPhase;
			buildActionMask = 2147483647;
			files = (
				1BE77FD5240F10210077B8D3 /* DetailViewController.swift in Sources */,
				1BE77F76240C54EB0077B8D3 /* AppDelegate.swift in Sources */,
				1BE77F78240C54EB0077B8D3 /* SceneDelegate.swift in Sources */,
				1BE77F90240C5B690077B8D3 /* ListingsTableViewController.swift in Sources */,
				1BE77FCD240ED3EC0077B8D3 /* Listings.xcdatamodeld in Sources */,
				1BE77FDD241061CE0077B8D3 /* SearchResultsTableViewController.swift in Sources */,
				1BE77FCF240ED50C0077B8D3 /* ListingController.swift in Sources */,
				1BE77FCA240ED3B70077B8D3 /* CoreDataStack.swift in Sources */,
				1BE77FD3240EDC890077B8D3 /* Listing+Convenience.swift in Sources */,
				1BE77FD72410472C0077B8D3 /* LoginViewController.swift in Sources */,
				1BE77FD1240ED6CB0077B8D3 /* ListingRepresentation.swift in Sources */,
				1BE77FD9241051FF0077B8D3 /* RVOwnerListingsTableViewController.swift in Sources */,
				1BE77FE32411F4000077B8D3 /* ReservationController.swift in Sources */,
				1BE77FE124109E3C0077B8D3 /* UserController.swift in Sources */,
				1BE77FDF2410987D0077B8D3 /* Reservation.swift in Sources */,
				1BE77FDB241061AE0077B8D3 /* RVOwnerDetailViewController.swift in Sources */,
			);
			runOnlyForDeploymentPostprocessing = 0;
		};
		1BE77FAD240D6ED30077B8D3 /* Sources */ = {
			isa = PBXSourcesBuildPhase;
			buildActionMask = 2147483647;
			files = (
				1BE77FB4240D6ED30077B8D3 /* WheelRVTests.swift in Sources */,
			);
			runOnlyForDeploymentPostprocessing = 0;
		};
		1BE77FBB240D6EE10077B8D3 /* Sources */ = {
			isa = PBXSourcesBuildPhase;
			buildActionMask = 2147483647;
			files = (
				1BE77FC2240D6EE10077B8D3 /* WheelRVUITests.swift in Sources */,
			);
			runOnlyForDeploymentPostprocessing = 0;
		};
/* End PBXSourcesBuildPhase section */

/* Begin PBXTargetDependency section */
		1BE77FB7240D6ED30077B8D3 /* PBXTargetDependency */ = {
			isa = PBXTargetDependency;
			target = 1BE77F71240C54EB0077B8D3 /* 5thWheelRV */;
			targetProxy = 1BE77FB6240D6ED30077B8D3 /* PBXContainerItemProxy */;
		};
		1BE77FC5240D6EE10077B8D3 /* PBXTargetDependency */ = {
			isa = PBXTargetDependency;
			target = 1BE77F71240C54EB0077B8D3 /* 5thWheelRV */;
			targetProxy = 1BE77FC4240D6EE10077B8D3 /* PBXContainerItemProxy */;
		};
/* End PBXTargetDependency section */

/* Begin PBXVariantGroup section */
		1BE77F7B240C54EB0077B8D3 /* Main.storyboard */ = {
			isa = PBXVariantGroup;
			children = (
				1BE77F7C240C54EB0077B8D3 /* Base */,
			);
			name = Main.storyboard;
			sourceTree = "<group>";
		};
		1BE77F80240C54F00077B8D3 /* LaunchScreen.storyboard */ = {
			isa = PBXVariantGroup;
			children = (
				1BE77F81240C54F00077B8D3 /* Base */,
			);
			name = LaunchScreen.storyboard;
			sourceTree = "<group>";
		};
/* End PBXVariantGroup section */

/* Begin XCBuildConfiguration section */
		1BE77F84240C54F00077B8D3 /* Debug */ = {
			isa = XCBuildConfiguration;
			buildSettings = {
				ALWAYS_SEARCH_USER_PATHS = NO;
				CLANG_ANALYZER_NONNULL = YES;
				CLANG_ANALYZER_NUMBER_OBJECT_CONVERSION = YES_AGGRESSIVE;
				CLANG_CXX_LANGUAGE_STANDARD = "gnu++14";
				CLANG_CXX_LIBRARY = "libc++";
				CLANG_ENABLE_MODULES = YES;
				CLANG_ENABLE_OBJC_ARC = YES;
				CLANG_ENABLE_OBJC_WEAK = YES;
				CLANG_WARN_BLOCK_CAPTURE_AUTORELEASING = YES;
				CLANG_WARN_BOOL_CONVERSION = YES;
				CLANG_WARN_COMMA = YES;
				CLANG_WARN_CONSTANT_CONVERSION = YES;
				CLANG_WARN_DEPRECATED_OBJC_IMPLEMENTATIONS = YES;
				CLANG_WARN_DIRECT_OBJC_ISA_USAGE = YES_ERROR;
				CLANG_WARN_DOCUMENTATION_COMMENTS = YES;
				CLANG_WARN_EMPTY_BODY = YES;
				CLANG_WARN_ENUM_CONVERSION = YES;
				CLANG_WARN_INFINITE_RECURSION = YES;
				CLANG_WARN_INT_CONVERSION = YES;
				CLANG_WARN_NON_LITERAL_NULL_CONVERSION = YES;
				CLANG_WARN_OBJC_IMPLICIT_RETAIN_SELF = YES;
				CLANG_WARN_OBJC_LITERAL_CONVERSION = YES;
				CLANG_WARN_OBJC_ROOT_CLASS = YES_ERROR;
				CLANG_WARN_RANGE_LOOP_ANALYSIS = YES;
				CLANG_WARN_STRICT_PROTOTYPES = YES;
				CLANG_WARN_SUSPICIOUS_MOVE = YES;
				CLANG_WARN_UNGUARDED_AVAILABILITY = YES_AGGRESSIVE;
				CLANG_WARN_UNREACHABLE_CODE = YES;
				CLANG_WARN__DUPLICATE_METHOD_MATCH = YES;
				COPY_PHASE_STRIP = NO;
				DEBUG_INFORMATION_FORMAT = dwarf;
				ENABLE_STRICT_OBJC_MSGSEND = YES;
				ENABLE_TESTABILITY = YES;
				GCC_C_LANGUAGE_STANDARD = gnu11;
				GCC_DYNAMIC_NO_PIC = NO;
				GCC_NO_COMMON_BLOCKS = YES;
				GCC_OPTIMIZATION_LEVEL = 0;
				GCC_PREPROCESSOR_DEFINITIONS = (
					"DEBUG=1",
					"$(inherited)",
				);
				GCC_WARN_64_TO_32_BIT_CONVERSION = YES;
				GCC_WARN_ABOUT_RETURN_TYPE = YES_ERROR;
				GCC_WARN_UNDECLARED_SELECTOR = YES;
				GCC_WARN_UNINITIALIZED_AUTOS = YES_AGGRESSIVE;
				GCC_WARN_UNUSED_FUNCTION = YES;
				GCC_WARN_UNUSED_VARIABLE = YES;
				IPHONEOS_DEPLOYMENT_TARGET = 13.2;
				MTL_ENABLE_DEBUG_INFO = INCLUDE_SOURCE;
				MTL_FAST_MATH = YES;
				ONLY_ACTIVE_ARCH = YES;
				SDKROOT = iphoneos;
				SWIFT_ACTIVE_COMPILATION_CONDITIONS = DEBUG;
				SWIFT_OPTIMIZATION_LEVEL = "-Onone";
			};
			name = Debug;
		};
		1BE77F85240C54F00077B8D3 /* Release */ = {
			isa = XCBuildConfiguration;
			buildSettings = {
				ALWAYS_SEARCH_USER_PATHS = NO;
				CLANG_ANALYZER_NONNULL = YES;
				CLANG_ANALYZER_NUMBER_OBJECT_CONVERSION = YES_AGGRESSIVE;
				CLANG_CXX_LANGUAGE_STANDARD = "gnu++14";
				CLANG_CXX_LIBRARY = "libc++";
				CLANG_ENABLE_MODULES = YES;
				CLANG_ENABLE_OBJC_ARC = YES;
				CLANG_ENABLE_OBJC_WEAK = YES;
				CLANG_WARN_BLOCK_CAPTURE_AUTORELEASING = YES;
				CLANG_WARN_BOOL_CONVERSION = YES;
				CLANG_WARN_COMMA = YES;
				CLANG_WARN_CONSTANT_CONVERSION = YES;
				CLANG_WARN_DEPRECATED_OBJC_IMPLEMENTATIONS = YES;
				CLANG_WARN_DIRECT_OBJC_ISA_USAGE = YES_ERROR;
				CLANG_WARN_DOCUMENTATION_COMMENTS = YES;
				CLANG_WARN_EMPTY_BODY = YES;
				CLANG_WARN_ENUM_CONVERSION = YES;
				CLANG_WARN_INFINITE_RECURSION = YES;
				CLANG_WARN_INT_CONVERSION = YES;
				CLANG_WARN_NON_LITERAL_NULL_CONVERSION = YES;
				CLANG_WARN_OBJC_IMPLICIT_RETAIN_SELF = YES;
				CLANG_WARN_OBJC_LITERAL_CONVERSION = YES;
				CLANG_WARN_OBJC_ROOT_CLASS = YES_ERROR;
				CLANG_WARN_RANGE_LOOP_ANALYSIS = YES;
				CLANG_WARN_STRICT_PROTOTYPES = YES;
				CLANG_WARN_SUSPICIOUS_MOVE = YES;
				CLANG_WARN_UNGUARDED_AVAILABILITY = YES_AGGRESSIVE;
				CLANG_WARN_UNREACHABLE_CODE = YES;
				CLANG_WARN__DUPLICATE_METHOD_MATCH = YES;
				COPY_PHASE_STRIP = NO;
				DEBUG_INFORMATION_FORMAT = "dwarf-with-dsym";
				ENABLE_NS_ASSERTIONS = NO;
				ENABLE_STRICT_OBJC_MSGSEND = YES;
				GCC_C_LANGUAGE_STANDARD = gnu11;
				GCC_NO_COMMON_BLOCKS = YES;
				GCC_WARN_64_TO_32_BIT_CONVERSION = YES;
				GCC_WARN_ABOUT_RETURN_TYPE = YES_ERROR;
				GCC_WARN_UNDECLARED_SELECTOR = YES;
				GCC_WARN_UNINITIALIZED_AUTOS = YES_AGGRESSIVE;
				GCC_WARN_UNUSED_FUNCTION = YES;
				GCC_WARN_UNUSED_VARIABLE = YES;
				IPHONEOS_DEPLOYMENT_TARGET = 13.2;
				MTL_ENABLE_DEBUG_INFO = NO;
				MTL_FAST_MATH = YES;
				SDKROOT = iphoneos;
				SWIFT_COMPILATION_MODE = wholemodule;
				SWIFT_OPTIMIZATION_LEVEL = "-O";
				VALIDATE_PRODUCT = YES;
			};
			name = Release;
		};
		1BE77F87240C54F00077B8D3 /* Debug */ = {
			isa = XCBuildConfiguration;
			baseConfigurationReference = CA10721B09424D8DB1E8B4DE /* Pods-5thWheelRV.debug.xcconfig */;
			buildSettings = {
				ASSETCATALOG_COMPILER_APPICON_NAME = AppIcon;
				CODE_SIGN_STYLE = Automatic;
				DEVELOPMENT_TEAM = XFZ73X2DJQ;
				INFOPLIST_FILE = 5thWheelRV/Info.plist;
				LD_RUNPATH_SEARCH_PATHS = (
					"$(inherited)",
					"@executable_path/Frameworks",
				);
				PRODUCT_BUNDLE_IDENTIFIER = "com.jorgealvarez.-thWheelRV";
				PRODUCT_NAME = "$(TARGET_NAME)";
				SWIFT_VERSION = 5.0;
				TARGETED_DEVICE_FAMILY = "1,2";
			};
			name = Debug;
		};
		1BE77F88240C54F00077B8D3 /* Release */ = {
			isa = XCBuildConfiguration;
			baseConfigurationReference = 351FE45F9330037E7AB361DF /* Pods-5thWheelRV.release.xcconfig */;
			buildSettings = {
				ASSETCATALOG_COMPILER_APPICON_NAME = AppIcon;
				CODE_SIGN_STYLE = Automatic;
				DEVELOPMENT_TEAM = XFZ73X2DJQ;
				INFOPLIST_FILE = 5thWheelRV/Info.plist;
				LD_RUNPATH_SEARCH_PATHS = (
					"$(inherited)",
					"@executable_path/Frameworks",
				);
				PRODUCT_BUNDLE_IDENTIFIER = "com.jorgealvarez.-thWheelRV";
				PRODUCT_NAME = "$(TARGET_NAME)";
				SWIFT_VERSION = 5.0;
				TARGETED_DEVICE_FAMILY = "1,2";
			};
			name = Release;
		};
		1BE77FB9240D6ED30077B8D3 /* Debug */ = {
			isa = XCBuildConfiguration;
			buildSettings = {
				BUNDLE_LOADER = "$(TEST_HOST)";
				CODE_SIGN_STYLE = Automatic;
				DEVELOPMENT_TEAM = XFZ73X2DJQ;
				INFOPLIST_FILE = WheelRVTests/Info.plist;
				LD_RUNPATH_SEARCH_PATHS = (
					"$(inherited)",
					"@executable_path/Frameworks",
					"@loader_path/Frameworks",
				);
				PRODUCT_BUNDLE_IDENTIFIER = com.jorgealvarez.WheelRVTests;
				PRODUCT_NAME = "$(TARGET_NAME)";
				SWIFT_VERSION = 5.0;
				TARGETED_DEVICE_FAMILY = "1,2";
				TEST_HOST = "$(BUILT_PRODUCTS_DIR)/5thWheelRV.app/5thWheelRV";
			};
			name = Debug;
		};
		1BE77FBA240D6ED30077B8D3 /* Release */ = {
			isa = XCBuildConfiguration;
			buildSettings = {
				BUNDLE_LOADER = "$(TEST_HOST)";
				CODE_SIGN_STYLE = Automatic;
				DEVELOPMENT_TEAM = XFZ73X2DJQ;
				INFOPLIST_FILE = WheelRVTests/Info.plist;
				LD_RUNPATH_SEARCH_PATHS = (
					"$(inherited)",
					"@executable_path/Frameworks",
					"@loader_path/Frameworks",
				);
				PRODUCT_BUNDLE_IDENTIFIER = com.jorgealvarez.WheelRVTests;
				PRODUCT_NAME = "$(TARGET_NAME)";
				SWIFT_VERSION = 5.0;
				TARGETED_DEVICE_FAMILY = "1,2";
				TEST_HOST = "$(BUILT_PRODUCTS_DIR)/5thWheelRV.app/5thWheelRV";
			};
			name = Release;
		};
		1BE77FC7240D6EE10077B8D3 /* Debug */ = {
			isa = XCBuildConfiguration;
			buildSettings = {
				CODE_SIGN_STYLE = Automatic;
				DEVELOPMENT_TEAM = XFZ73X2DJQ;
				INFOPLIST_FILE = WheelRVUITests/Info.plist;
				LD_RUNPATH_SEARCH_PATHS = (
					"$(inherited)",
					"@executable_path/Frameworks",
					"@loader_path/Frameworks",
				);
				PRODUCT_BUNDLE_IDENTIFIER = com.jorgealvarez.WheelRVUITests;
				PRODUCT_NAME = "$(TARGET_NAME)";
				SWIFT_VERSION = 5.0;
				TARGETED_DEVICE_FAMILY = "1,2";
				TEST_TARGET_NAME = 5thWheelRV;
			};
			name = Debug;
		};
		1BE77FC8240D6EE10077B8D3 /* Release */ = {
			isa = XCBuildConfiguration;
			buildSettings = {
				CODE_SIGN_STYLE = Automatic;
				DEVELOPMENT_TEAM = XFZ73X2DJQ;
				INFOPLIST_FILE = WheelRVUITests/Info.plist;
				LD_RUNPATH_SEARCH_PATHS = (
					"$(inherited)",
					"@executable_path/Frameworks",
					"@loader_path/Frameworks",
				);
				PRODUCT_BUNDLE_IDENTIFIER = com.jorgealvarez.WheelRVUITests;
				PRODUCT_NAME = "$(TARGET_NAME)";
				SWIFT_VERSION = 5.0;
				TARGETED_DEVICE_FAMILY = "1,2";
				TEST_TARGET_NAME = 5thWheelRV;
			};
			name = Release;
		};
/* End XCBuildConfiguration section */

/* Begin XCConfigurationList section */
		1BE77F6D240C54EB0077B8D3 /* Build configuration list for PBXProject "5thWheelRV" */ = {
			isa = XCConfigurationList;
			buildConfigurations = (
				1BE77F84240C54F00077B8D3 /* Debug */,
				1BE77F85240C54F00077B8D3 /* Release */,
			);
			defaultConfigurationIsVisible = 0;
			defaultConfigurationName = Release;
		};
		1BE77F86240C54F00077B8D3 /* Build configuration list for PBXNativeTarget "5thWheelRV" */ = {
			isa = XCConfigurationList;
			buildConfigurations = (
				1BE77F87240C54F00077B8D3 /* Debug */,
				1BE77F88240C54F00077B8D3 /* Release */,
			);
			defaultConfigurationIsVisible = 0;
			defaultConfigurationName = Release;
		};
		1BE77FB8240D6ED30077B8D3 /* Build configuration list for PBXNativeTarget "WheelRVTests" */ = {
			isa = XCConfigurationList;
			buildConfigurations = (
				1BE77FB9240D6ED30077B8D3 /* Debug */,
				1BE77FBA240D6ED30077B8D3 /* Release */,
			);
			defaultConfigurationIsVisible = 0;
			defaultConfigurationName = Release;
		};
		1BE77FC6240D6EE10077B8D3 /* Build configuration list for PBXNativeTarget "WheelRVUITests" */ = {
			isa = XCConfigurationList;
			buildConfigurations = (
				1BE77FC7240D6EE10077B8D3 /* Debug */,
				1BE77FC8240D6EE10077B8D3 /* Release */,
			);
			defaultConfigurationIsVisible = 0;
			defaultConfigurationName = Release;
		};
/* End XCConfigurationList section */

/* Begin XCVersionGroup section */
		1BE77FCB240ED3EC0077B8D3 /* Listings.xcdatamodeld */ = {
			isa = XCVersionGroup;
			children = (
				1BE77FCC240ED3EC0077B8D3 /* Listings.xcdatamodel */,
			);
			currentVersion = 1BE77FCC240ED3EC0077B8D3 /* Listings.xcdatamodel */;
			path = Listings.xcdatamodeld;
			sourceTree = "<group>";
			versionGroupType = wrapper.xcdatamodel;
		};
/* End XCVersionGroup section */
	};
	rootObject = 1BE77F6A240C54EB0077B8D3 /* Project object */;
}
